
Microsoft Visual Studio Solution File, Format Version 12.00
# Visual Studio 15
VisualStudioVersion = 15.0.28307.421
MinimumVisualStudioVersion = 10.0.40219.1
Project("{FAE04EC0-301F-11D3-BF4B-00C04F79EFBC}") = "PhotobookWebApplication", "PhotobookWebApplication\PhotobookWebApplication.csproj", "{2857DC29-D1EF-4067-A113-89466102AA87}"
EndProject
Global
	GlobalSection(SolutionConfigurationPlatforms) = preSolution
		Debug|Any CPU = Debug|Any CPU
		Release|Any CPU = Release|Any CPU
	EndGlobalSection
	GlobalSection(ProjectConfigurationPlatforms) = postSolution
		{2857DC29-D1EF-4067-A113-89466102AA87}.Debug|Any CPU.ActiveCfg = Debug|Any CPU
		{2857DC29-D1EF-4067-A113-89466102AA87}.Debug|Any CPU.Build.0 = Debug|Any CPU
		{2857DC29-D1EF-4067-A113-89466102AA87}.Release|Any CPU.ActiveCfg = Release|Any CPU
		{2857DC29-D1EF-4067-A113-89466102AA87}.Release|Any CPU.Build.0 = Release|Any CPU
	EndGlobalSection
	GlobalSection(SolutionProperties) = preSolution
		HideSolutionNode = FALSE
	EndGlobalSection
	GlobalSection(ExtensibilityGlobals) = postSolution
		SolutionGuid = {4935101B-54A4-4E3D-ADC9-5AEB811ADD5D}
	EndGlobalSection
EndGlobal
